PODS:
  - Bully (0.2.1):
    - Reachability
    - SocketRocket
  - Reachability (3.1.1)
  - SocketRocket (0.3.1-beta2)
  - SSKeychain (0.2.1)
  - SVHTTPRequest (0.4)

DEPENDENCIES:
  - Bully (~> 0.2.1)
  - SSKeychain (~> 0.2.1)
  - SVHTTPRequest (~> 0.4)

SPEC CHECKSUMS:
  Bully: 4240acec8ad8d389637400ab5cc9037e43a52560
  Reachability: 8e9635e3cb4f98e7f825e51147f677ecc694d0e7
  SocketRocket: 79a68ae186063c65e1fe6f638b1ae2927aa5f304
  SSKeychain: a9428ab9db1edfbb92daf46301bda9eff800a011
  SVHTTPRequest: 9423fcb81fdb08128291d6faf865dc05d4c54bfe

COCOAPODS: 0.33.1
